{
  "requires": true,
  "lockfileVersion": 1,
  "dependencies": {
    "sweetalert2": {
      "version": "7.28.4",
      "resolved": "https://registry.npmjs.org/sweetalert2/-/sweetalert2-7.28.4.tgz",
      "integrity": "sha512-HEAfIAPactjB8CvgsJClxT+6wv2OGh/KkgvgJ8xR28uAXtx9BUQAlws1mruaS7Jzn8gIt6esx4BEZLaZSGvBZw=="
    }
  }
}
